
Microsoft Visual Studio Solution File, Format Version 12.00
# Visual Studio Version 17
VisualStudioVersion = 17.0.32014.148
MinimumVisualStudioVersion = 10.0.40219.1
Project("{FAE04EC0-301F-11D3-BF4B-00C04F79EFBC}") = "VladFintina_FinalProject", "VladFintina_FinalProject.csproj", "{24ECA870-49F5-44F2-B586-CAF120ED578A}"
EndProject
Global
	GlobalSection(SolutionConfigurationPlatforms) = preSolution
		Debug|Any CPU = Debug|Any CPU
		Release|Any CPU = Release|Any CPU
	EndGlobalSection
	GlobalSection(ProjectConfigurationPlatforms) = postSolution
		{24ECA870-49F5-44F2-B586-CAF120ED578A}.Debug|Any CPU.ActiveCfg = Debug|Any CPU
		{24ECA870-49F5-44F2-B586-CAF120ED578A}.Debug|Any CPU.Build.0 = Debug|Any CPU
		{24ECA870-49F5-44F2-B586-CAF120ED578A}.Release|Any CPU.ActiveCfg = Release|Any CPU
		{24ECA870-49F5-44F2-B586-CAF120ED578A}.Release|Any CPU.Build.0 = Release|Any CPU
	EndGlobalSection
	GlobalSection(SolutionProperties) = preSolution
		HideSolutionNode = FALSE
	EndGlobalSection
	GlobalSection(ExtensibilityGlobals) = postSolution
		SolutionGuid = {77AA0DB6-5592-483F-B8F1-A4D44B128686}
	EndGlobalSection
EndGlobal
