
Microsoft Visual Studio Solution File, Format Version 12.00
# Visual Studio Version 17
VisualStudioVersion = 17.0.32014.148
MinimumVisualStudioVersion = 10.0.40219.1
Project("{FAE04EC0-301F-11D3-BF4B-00C04F79EFBC}") = "Huffman2_HW6", "Huffman2_HW6.csproj", "{886FE3D7-87D0-48F0-886A-9C5ECC616E66}"
EndProject
Global
	GlobalSection(SolutionConfigurationPlatforms) = preSolution
		Debug|Any CPU = Debug|Any CPU
		Release|Any CPU = Release|Any CPU
	EndGlobalSection
	GlobalSection(ProjectConfigurationPlatforms) = postSolution
		{886FE3D7-87D0-48F0-886A-9C5ECC616E66}.Debug|Any CPU.ActiveCfg = Debug|Any CPU
		{886FE3D7-87D0-48F0-886A-9C5ECC616E66}.Debug|Any CPU.Build.0 = Debug|Any CPU
		{886FE3D7-87D0-48F0-886A-9C5ECC616E66}.Release|Any CPU.ActiveCfg = Release|Any CPU
		{886FE3D7-87D0-48F0-886A-9C5ECC616E66}.Release|Any CPU.Build.0 = Release|Any CPU
	EndGlobalSection
	GlobalSection(SolutionProperties) = preSolution
		HideSolutionNode = FALSE
	EndGlobalSection
	GlobalSection(ExtensibilityGlobals) = postSolution
		SolutionGuid = {3C3F8EDA-5FC6-4027-88F9-2B9BB8F36AC6}
	EndGlobalSection
EndGlobal
